
Microsoft Visual Studio Solution File, Format Version 12.00
# Visual Studio Version 16
VisualStudioVersion = 16.0.34407.143
MinimumVisualStudioVersion = 10.0.40219.1
Project("{FAE04EC0-301F-11D3-BF4B-00C04F79EFBC}") = "Exercise 10", "Exercise 10\Exercise 10.csproj", "{5608FCA4-0C80-43C2-8794-BF84D41A687F}"
EndProject
Global
	GlobalSection(SolutionConfigurationPlatforms) = preSolution
		Debug|Any CPU = Debug|Any CPU
		Release|Any CPU = Release|Any CPU
	EndGlobalSection
	GlobalSection(ProjectConfigurationPlatforms) = postSolution
		{5608FCA4-0C80-43C2-8794-BF84D41A687F}.Debug|Any CPU.ActiveCfg = Debug|Any CPU
		{5608FCA4-0C80-43C2-8794-BF84D41A687F}.Debug|Any CPU.Build.0 = Debug|Any CPU
		{5608FCA4-0C80-43C2-8794-BF84D41A687F}.Release|Any CPU.ActiveCfg = Release|Any CPU
		{5608FCA4-0C80-43C2-8794-BF84D41A687F}.Release|Any CPU.Build.0 = Release|Any CPU
	EndGlobalSection
	GlobalSection(SolutionProperties) = preSolution
		HideSolutionNode = FALSE
	EndGlobalSection
	GlobalSection(ExtensibilityGlobals) = postSolution
		SolutionGuid = {E571E698-8A35-43A8-AE65-E5D53A77A457}
	EndGlobalSection
EndGlobal
