
Microsoft Visual Studio Solution File, Format Version 12.00
# Visual Studio Version 16
VisualStudioVersion = 16.0.34407.143
MinimumVisualStudioVersion = 10.0.40219.1
Project("{FAE04EC0-301F-11D3-BF4B-00C04F79EFBC}") = "ConsoleApp1", "ConsoleApp1\ConsoleApp1.csproj", "{6A93544C-179A-4F27-9D74-37D0234B0A95}"
EndProject
Global
	GlobalSection(SolutionConfigurationPlatforms) = preSolution
		Debug|Any CPU = Debug|Any CPU
		Release|Any CPU = Release|Any CPU
	EndGlobalSection
	GlobalSection(ProjectConfigurationPlatforms) = postSolution
		{6A93544C-179A-4F27-9D74-37D0234B0A95}.Debug|Any CPU.ActiveCfg = Debug|Any CPU
		{6A93544C-179A-4F27-9D74-37D0234B0A95}.Debug|Any CPU.Build.0 = Debug|Any CPU
		{6A93544C-179A-4F27-9D74-37D0234B0A95}.Release|Any CPU.ActiveCfg = Release|Any CPU
		{6A93544C-179A-4F27-9D74-37D0234B0A95}.Release|Any CPU.Build.0 = Release|Any CPU
	EndGlobalSection
	GlobalSection(SolutionProperties) = preSolution
		HideSolutionNode = FALSE
	EndGlobalSection
	GlobalSection(ExtensibilityGlobals) = postSolution
		SolutionGuid = {495522D6-0DD7-436F-8F72-669292D6B2D1}
	EndGlobalSection
EndGlobal
