
Microsoft Visual Studio Solution File, Format Version 12.00
# Visual Studio Version 16
VisualStudioVersion = 16.0.34407.143
MinimumVisualStudioVersion = 10.0.40219.1
Project("{FAE04EC0-301F-11D3-BF4B-00C04F79EFBC}") = "Exercise 7", "Exercise 7\Exercise 7.csproj", "{07ADA088-B03A-4A97-BD44-3562C542F704}"
EndProject
Global
	GlobalSection(SolutionConfigurationPlatforms) = preSolution
		Debug|Any CPU = Debug|Any CPU
		Release|Any CPU = Release|Any CPU
	EndGlobalSection
	GlobalSection(ProjectConfigurationPlatforms) = postSolution
		{07ADA088-B03A-4A97-BD44-3562C542F704}.Debug|Any CPU.ActiveCfg = Debug|Any CPU
		{07ADA088-B03A-4A97-BD44-3562C542F704}.Debug|Any CPU.Build.0 = Debug|Any CPU
		{07ADA088-B03A-4A97-BD44-3562C542F704}.Release|Any CPU.ActiveCfg = Release|Any CPU
		{07ADA088-B03A-4A97-BD44-3562C542F704}.Release|Any CPU.Build.0 = Release|Any CPU
	EndGlobalSection
	GlobalSection(SolutionProperties) = preSolution
		HideSolutionNode = FALSE
	EndGlobalSection
	GlobalSection(ExtensibilityGlobals) = postSolution
		SolutionGuid = {DB53A452-36A2-4E35-A8C5-29A2F593F240}
	EndGlobalSection
EndGlobal
