
Microsoft Visual Studio Solution File, Format Version 12.00
# Visual Studio Version 16
VisualStudioVersion = 16.0.34407.143
MinimumVisualStudioVersion = 10.0.40219.1
Project("{FAE04EC0-301F-11D3-BF4B-00C04F79EFBC}") = "Exersize 2", "Exersize 2\Exersize 2.csproj", "{07CECF30-91CF-46E5-8025-1E5D9FC38F15}"
EndProject
Global
	GlobalSection(SolutionConfigurationPlatforms) = preSolution
		Debug|Any CPU = Debug|Any CPU
		Release|Any CPU = Release|Any CPU
	EndGlobalSection
	GlobalSection(ProjectConfigurationPlatforms) = postSolution
		{07CECF30-91CF-46E5-8025-1E5D9FC38F15}.Debug|Any CPU.ActiveCfg = Debug|Any CPU
		{07CECF30-91CF-46E5-8025-1E5D9FC38F15}.Debug|Any CPU.Build.0 = Debug|Any CPU
		{07CECF30-91CF-46E5-8025-1E5D9FC38F15}.Release|Any CPU.ActiveCfg = Release|Any CPU
		{07CECF30-91CF-46E5-8025-1E5D9FC38F15}.Release|Any CPU.Build.0 = Release|Any CPU
	EndGlobalSection
	GlobalSection(SolutionProperties) = preSolution
		HideSolutionNode = FALSE
	EndGlobalSection
	GlobalSection(ExtensibilityGlobals) = postSolution
		SolutionGuid = {63400501-E7CD-4BC0-82C4-6207D530C3B6}
	EndGlobalSection
EndGlobal
