
Microsoft Visual Studio Solution File, Format Version 12.00
# Visual Studio Version 16
VisualStudioVersion = 16.0.34407.143
MinimumVisualStudioVersion = 10.0.40219.1
Project("{FAE04EC0-301F-11D3-BF4B-00C04F79EFBC}") = "Exercise 22", "Exercise 22\Exercise 22.csproj", "{619BDFD8-F65A-4FCF-BEA7-FFDCB951A4AA}"
EndProject
Global
	GlobalSection(SolutionConfigurationPlatforms) = preSolution
		Debug|Any CPU = Debug|Any CPU
		Release|Any CPU = Release|Any CPU
	EndGlobalSection
	GlobalSection(ProjectConfigurationPlatforms) = postSolution
		{619BDFD8-F65A-4FCF-BEA7-FFDCB951A4AA}.Debug|Any CPU.ActiveCfg = Debug|Any CPU
		{619BDFD8-F65A-4FCF-BEA7-FFDCB951A4AA}.Debug|Any CPU.Build.0 = Debug|Any CPU
		{619BDFD8-F65A-4FCF-BEA7-FFDCB951A4AA}.Release|Any CPU.ActiveCfg = Release|Any CPU
		{619BDFD8-F65A-4FCF-BEA7-FFDCB951A4AA}.Release|Any CPU.Build.0 = Release|Any CPU
	EndGlobalSection
	GlobalSection(SolutionProperties) = preSolution
		HideSolutionNode = FALSE
	EndGlobalSection
	GlobalSection(ExtensibilityGlobals) = postSolution
		SolutionGuid = {6DB95CFE-746D-487A-85B4-E88E56E96085}
	EndGlobalSection
EndGlobal
