
Microsoft Visual Studio Solution File, Format Version 12.00
# Visual Studio Version 16
VisualStudioVersion = 16.0.34407.143
MinimumVisualStudioVersion = 10.0.40219.1
Project("{FAE04EC0-301F-11D3-BF4B-00C04F79EFBC}") = "Exercise 15", "Exercise 15\Exercise 15.csproj", "{79101272-5313-41C1-80FF-F625BDC5C98B}"
EndProject
Global
	GlobalSection(SolutionConfigurationPlatforms) = preSolution
		Debug|Any CPU = Debug|Any CPU
		Release|Any CPU = Release|Any CPU
	EndGlobalSection
	GlobalSection(ProjectConfigurationPlatforms) = postSolution
		{79101272-5313-41C1-80FF-F625BDC5C98B}.Debug|Any CPU.ActiveCfg = Debug|Any CPU
		{79101272-5313-41C1-80FF-F625BDC5C98B}.Debug|Any CPU.Build.0 = Debug|Any CPU
		{79101272-5313-41C1-80FF-F625BDC5C98B}.Release|Any CPU.ActiveCfg = Release|Any CPU
		{79101272-5313-41C1-80FF-F625BDC5C98B}.Release|Any CPU.Build.0 = Release|Any CPU
	EndGlobalSection
	GlobalSection(SolutionProperties) = preSolution
		HideSolutionNode = FALSE
	EndGlobalSection
	GlobalSection(ExtensibilityGlobals) = postSolution
		SolutionGuid = {77162598-18D7-4B62-835C-4BF5C4A090E3}
	EndGlobalSection
EndGlobal
