
Microsoft Visual Studio Solution File, Format Version 12.00
# Visual Studio Version 16
VisualStudioVersion = 16.0.34407.143
MinimumVisualStudioVersion = 10.0.40219.1
Project("{FAE04EC0-301F-11D3-BF4B-00C04F79EFBC}") = "Exersize 1", "Exersize 1\Exersize 1.csproj", "{6A756AB3-D712-4B19-ACAA-DB5C48B4C4DA}"
EndProject
Global
	GlobalSection(SolutionConfigurationPlatforms) = preSolution
		Debug|Any CPU = Debug|Any CPU
		Release|Any CPU = Release|Any CPU
	EndGlobalSection
	GlobalSection(ProjectConfigurationPlatforms) = postSolution
		{6A756AB3-D712-4B19-ACAA-DB5C48B4C4DA}.Debug|Any CPU.ActiveCfg = Debug|Any CPU
		{6A756AB3-D712-4B19-ACAA-DB5C48B4C4DA}.Debug|Any CPU.Build.0 = Debug|Any CPU
		{6A756AB3-D712-4B19-ACAA-DB5C48B4C4DA}.Release|Any CPU.ActiveCfg = Release|Any CPU
		{6A756AB3-D712-4B19-ACAA-DB5C48B4C4DA}.Release|Any CPU.Build.0 = Release|Any CPU
	EndGlobalSection
	GlobalSection(SolutionProperties) = preSolution
		HideSolutionNode = FALSE
	EndGlobalSection
	GlobalSection(ExtensibilityGlobals) = postSolution
		SolutionGuid = {672F6F73-5222-4D9E-95F7-49FD3B692106}
	EndGlobalSection
EndGlobal
