
Microsoft Visual Studio Solution File, Format Version 12.00
# Visual Studio Version 16
VisualStudioVersion = 16.0.34407.143
MinimumVisualStudioVersion = 10.0.40219.1
Project("{FAE04EC0-301F-11D3-BF4B-00C04F79EFBC}") = "Exercise 16", "Exercise 16\Exercise 16.csproj", "{50E68FE8-D6C3-4A7A-8E29-11AFB6BBCAC4}"
EndProject
Global
	GlobalSection(SolutionConfigurationPlatforms) = preSolution
		Debug|Any CPU = Debug|Any CPU
		Release|Any CPU = Release|Any CPU
	EndGlobalSection
	GlobalSection(ProjectConfigurationPlatforms) = postSolution
		{50E68FE8-D6C3-4A7A-8E29-11AFB6BBCAC4}.Debug|Any CPU.ActiveCfg = Debug|Any CPU
		{50E68FE8-D6C3-4A7A-8E29-11AFB6BBCAC4}.Debug|Any CPU.Build.0 = Debug|Any CPU
		{50E68FE8-D6C3-4A7A-8E29-11AFB6BBCAC4}.Release|Any CPU.ActiveCfg = Release|Any CPU
		{50E68FE8-D6C3-4A7A-8E29-11AFB6BBCAC4}.Release|Any CPU.Build.0 = Release|Any CPU
	EndGlobalSection
	GlobalSection(SolutionProperties) = preSolution
		HideSolutionNode = FALSE
	EndGlobalSection
	GlobalSection(ExtensibilityGlobals) = postSolution
		SolutionGuid = {6191F997-7AE0-414A-8B33-8A2AA1BBD788}
	EndGlobalSection
EndGlobal
